
Microsoft Visual Studio Solution File, Format Version 12.00
# Visual Studio Version 16
VisualStudioVersion = 16.0.29926.136
MinimumVisualStudioVersion = 10.0.40219.1
Project("{FAE04EC0-301F-11D3-BF4B-00C04F79EFBC}") = "UI", "UI\UI.csproj", "{BFCA1526-874B-408A-AE9D-DD154E4FD0EA}"
EndProject
Project("{FAE04EC0-301F-11D3-BF4B-00C04F79EFBC}") = "Model", "Model\Model.csproj", "{A46005B8-A965-471A-B3C1-D21633D04268}"
EndProject
Project("{FAE04EC0-301F-11D3-BF4B-00C04F79EFBC}") = "Tests", "Tests\Tests.csproj", "{376409F6-F6DB-44FC-ADF2-4CACD0931EBF}"
EndProject
Global
	GlobalSection(SolutionConfigurationPlatforms) = preSolution
		Debug|Any CPU = Debug|Any CPU
		Release|Any CPU = Release|Any CPU
	EndGlobalSection
	GlobalSection(ProjectConfigurationPlatforms) = postSolution
		{BFCA1526-874B-408A-AE9D-DD154E4FD0EA}.Debug|Any CPU.ActiveCfg = Debug|Any CPU
		{BFCA1526-874B-408A-AE9D-DD154E4FD0EA}.Debug|Any CPU.Build.0 = Debug|Any CPU
		{BFCA1526-874B-408A-AE9D-DD154E4FD0EA}.Release|Any CPU.ActiveCfg = Release|Any CPU
		{BFCA1526-874B-408A-AE9D-DD154E4FD0EA}.Release|Any CPU.Build.0 = Release|Any CPU
		{A46005B8-A965-471A-B3C1-D21633D04268}.Debug|Any CPU.ActiveCfg = Debug|Any CPU
		{A46005B8-A965-471A-B3C1-D21633D04268}.Debug|Any CPU.Build.0 = Debug|Any CPU
		{A46005B8-A965-471A-B3C1-D21633D04268}.Release|Any CPU.ActiveCfg = Release|Any CPU
		{A46005B8-A965-471A-B3C1-D21633D04268}.Release|Any CPU.Build.0 = Release|Any CPU
		{376409F6-F6DB-44FC-ADF2-4CACD0931EBF}.Debug|Any CPU.ActiveCfg = Debug|Any CPU
		{376409F6-F6DB-44FC-ADF2-4CACD0931EBF}.Debug|Any CPU.Build.0 = Debug|Any CPU
		{376409F6-F6DB-44FC-ADF2-4CACD0931EBF}.Release|Any CPU.ActiveCfg = Release|Any CPU
		{376409F6-F6DB-44FC-ADF2-4CACD0931EBF}.Release|Any CPU.Build.0 = Release|Any CPU
	EndGlobalSection
	GlobalSection(SolutionProperties) = preSolution
		HideSolutionNode = FALSE
	EndGlobalSection
	GlobalSection(ExtensibilityGlobals) = postSolution
		SolutionGuid = {09CB8E6D-0177-4386-B940-B194E5D34AFB}
	EndGlobalSection
EndGlobal
